
Microsoft Visual Studio Solution File, Format Version 10.00
# Visual Studio 2008
Project("{FAE04EC0-301F-11D3-BF4B-00C04F79EFBC}") = "PrintLog", "PrintLog.csproj", "{838F4A6F-BE27-4947-9926-D8DC363EF4FD}"
EndProject
Global
	GlobalSection(SolutionConfigurationPlatforms) = preSolution
		Debug|Any CPU = Debug|Any CPU
		Release|Any CPU = Release|Any CPU
	EndGlobalSection
	GlobalSection(ProjectConfigurationPlatforms) = postSolution
		{838F4A6F-BE27-4947-9926-D8DC363EF4FD}.Debug|Any CPU.ActiveCfg = Debug|Any CPU
		{838F4A6F-BE27-4947-9926-D8DC363EF4FD}.Debug|Any CPU.Build.0 = Debug|Any CPU
		{838F4A6F-BE27-4947-9926-D8DC363EF4FD}.Release|Any CPU.ActiveCfg = Release|Any CPU
		{838F4A6F-BE27-4947-9926-D8DC363EF4FD}.Release|Any CPU.Build.0 = Release|Any CPU
	EndGlobalSection
	GlobalSection(SolutionProperties) = preSolution
		HideSolutionNode = FALSE
	EndGlobalSection
EndGlobal
